# This file is automatically @generated by Cargo.
# It is not intended for manual editing.
version = 4

[[package]]
name = "pv-core"
version = "0.1.0"

[[package]]
name = "pv-data"
version = "0.1.0"
dependencies = [
 "pv-core",
]

[[package]]
name = "pv-service"
version = "0.1.0"
dependencies = [
 "pv-core",
 "pv-data",
]

[[package]]
name = "pv-wasm"
version = "0.1.0"
dependencies = [
 "pv-core",
 "pv-data",
]

[[package]]
name = "xtask"
version = "0.1.0"
